
Microsoft Visual Studio Solution File, Format Version 11.00
# Visual Studio 10
Project("{FAE04EC0-301F-11D3-BF4B-00C04F79EFBC}") = "WpfRichText.Ex", "WpfRichText.Ex\WpfRichText.Ex.csproj", "{5922EBAC-5CC0-4079-97D7-FCEC9C01AA43}"
EndProject
Global
	GlobalSection(SolutionConfigurationPlatforms) = preSolution
		Debug|x86 = Debug|x86
		Release|x86 = Release|x86
	EndGlobalSection
	GlobalSection(ProjectConfigurationPlatforms) = postSolution
		{5922EBAC-5CC0-4079-97D7-FCEC9C01AA43}.Debug|x86.ActiveCfg = Debug|x86
		{5922EBAC-5CC0-4079-97D7-FCEC9C01AA43}.Debug|x86.Build.0 = Debug|x86
		{5922EBAC-5CC0-4079-97D7-FCEC9C01AA43}.Release|x86.ActiveCfg = Release|x86
		{5922EBAC-5CC0-4079-97D7-FCEC9C01AA43}.Release|x86.Build.0 = Release|x86
	EndGlobalSection
	GlobalSection(SolutionProperties) = preSolution
		HideSolutionNode = FALSE
	EndGlobalSection
EndGlobal
